
Microsoft Visual Studio Solution File, Format Version 12.00
# Visual Studio 15
VisualStudioVersion = 15.0.27703.2042
MinimumVisualStudioVersion = 10.0.40219.1
Project("{8BC9CEB8-8B4A-11D0-8D11-00A0C91BC942}") = "ConsoleApp0727", "ConsoleApp0727\ConsoleApp0727.vcxproj", "{43E424C7-068B-4FE7-BECF-E96C0C8B3337}"
EndProject
Global
	GlobalSection(SolutionConfigurationPlatforms) = preSolution
		Debug|x64 = Debug|x64
		Debug|x86 = Debug|x86
		Release|x64 = Release|x64
		Release|x86 = Release|x86
	EndGlobalSection
	GlobalSection(ProjectConfigurationPlatforms) = postSolution
		{43E424C7-068B-4FE7-BECF-E96C0C8B3337}.Debug|x64.ActiveCfg = Debug|x64
		{43E424C7-068B-4FE7-BECF-E96C0C8B3337}.Debug|x64.Build.0 = Debug|x64
		{43E424C7-068B-4FE7-BECF-E96C0C8B3337}.Debug|x86.ActiveCfg = Debug|Win32
		{43E424C7-068B-4FE7-BECF-E96C0C8B3337}.Debug|x86.Build.0 = Debug|Win32
		{43E424C7-068B-4FE7-BECF-E96C0C8B3337}.Release|x64.ActiveCfg = Release|x64
		{43E424C7-068B-4FE7-BECF-E96C0C8B3337}.Release|x64.Build.0 = Release|x64
		{43E424C7-068B-4FE7-BECF-E96C0C8B3337}.Release|x86.ActiveCfg = Release|Win32
		{43E424C7-068B-4FE7-BECF-E96C0C8B3337}.Release|x86.Build.0 = Release|Win32
	EndGlobalSection
	GlobalSection(SolutionProperties) = preSolution
		HideSolutionNode = FALSE
	EndGlobalSection
	GlobalSection(ExtensibilityGlobals) = postSolution
		SolutionGuid = {DF5EF2A7-D749-4D21-8D6E-802939A55E1B}
	EndGlobalSection
EndGlobal
